{
  "name": "algorithms",
  "version": "1.0.0",
  "lockfileVersion": 1,
  "requires": true,
  "dependencies": {
    "ansi-bgblack": {
      "version": "0.1.1",
      "resolved": "https://registry.npmjs.org/ansi-bgblack/-/ansi-bgblack-0.1.1.tgz",
      "integrity": "sha1-poulAHiHcBtqr74/oNrf36juPKI=",
      "requires": {
        "ansi-wrap": "0.1.0"
      }
    },
    "ansi-bgblue": {
      "version": "0.1.1",
      "resolved": "https://registry.npmjs.org/ansi-bgblue/-/ansi-bgblue-0.1.1.tgz",
      "integrity": "sha1-Z73ATtybm1J4lp2hlt6j11yMNhM=",
      "requires": {
        "ansi-wrap": "0.1.0"
      }
    },
    "ansi-bgcyan": {
      "version": "0.1.1",
      "resolved": "https://registry.npmjs.org/ansi-bgcyan/-/ansi-bgcyan-0.1.1.tgz",
      "integrity": "sha1-WEiUJWAL3p9VBwaN2Wnr/bUP52g=",
      "requires": {
        "ansi-wrap": "0.1.0"
      }
    },
    "ansi-bggreen": {
      "version": "0.1.1",
      "resolved": "https://registry.npmjs.org/ansi-bggreen/-/ansi-bggreen-0.1.1.tgz",
      "integrity": "sha1-TjGRJIUplD9DIelr8THRwTgWr0k=",
      "requires": {
        "ansi-wrap": "0.1.0"
      }
    },
    "ansi-bgmagenta": {
      "version": "0.1.1",
      "resolved": "https://registry.npmjs.org/ansi-bgmagenta/-/ansi-bgmagenta-0.1.1.tgz",
      "integrity": "sha1-myhDLAduqpmUGGcqPvvhk5HCx6E=",
      "requires": {
        "ansi-wrap": "0.1.0"
      }
    },
    "ansi-bgred": {
      "version": "0.1.1",
      "resolved": "https://registry.npmjs.org/ansi-bgred/-/ansi-bgred-0.1.1.tgz",
      "integrity": "sha1-p2+Sg4OCukMpCmwXeEJPmE1vEEE=",
      "requires": {
        "ansi-wrap": "0.1.0"
      }
    },
    "ansi-bgwhite": {
      "version": "0.1.1",
      "resolved": "https://registry.npmjs.org/ansi-bgwhite/-/ansi-bgwhite-0.1.1.tgz",
      "integrity": "sha1-ZQRlE3elim7OzQMxmU5IAljhG6g=",
      "requires": {
        "ansi-wrap": "0.1.0"
      }
    },
    "ansi-bgyellow": {
      "version": "0.1.1",
      "resolved": "https://registry.npmjs.org/ansi-bgyellow/-/ansi-bgyellow-0.1.1.tgz",
      "integrity": "sha1-w/4usIzUdmSAKeaHTRWgs49h1E8=",
      "requires": {
        "ansi-wrap": "0.1.0"
      }
    },
    "ansi-black": {
      "version": "0.1.1",
      "resolved": "https://registry.npmjs.org/ansi-black/-/ansi-black-0.1.1.tgz",
      "integrity": "sha1-9hheiJNgslRaHsUMC/Bj/EMDJFM=",
      "requires": {
        "ansi-wrap": "0.1.0"
      }
    },
    "ansi-blue": {
      "version": "0.1.1",
      "resolved": "https://registry.npmjs.org/ansi-blue/-/ansi-blue-0.1.1.tgz",
      "integrity": "sha1-FbgEmQ6S/JyoxUds6PaZd3wh7b8=",
      "requires": {
        "ansi-wrap": "0.1.0"
      }
    },
    "ansi-bold": {
      "version": "0.1.1",
      "resolved": "https://registry.npmjs.org/ansi-bold/-/ansi-bold-0.1.1.tgz",
      "integrity": "sha1-PmOVCvWswq4uZw5vZ96xFdGl9QU=",
      "requires": {
        "ansi-wrap": "0.1.0"
      }
    },
    "ansi-colors": {
      "version": "0.2.0",
      "resolved": "https://registry.npmjs.org/ansi-colors/-/ansi-colors-0.2.0.tgz",
      "integrity": "sha1-csMd4qDZoszQysMMyYI+6y9kNLU=",
      "requires": {
        "ansi-bgblack": "^0.1.1",
        "ansi-bgblue": "^0.1.1",
        "ansi-bgcyan": "^0.1.1",
        "ansi-bggreen": "^0.1.1",
        "ansi-bgmagenta": "^0.1.1",
        "ansi-bgred": "^0.1.1",
        "ansi-bgwhite": "^0.1.1",
        "ansi-bgyellow": "^0.1.1",
        "ansi-black": "^0.1.1",
        "ansi-blue": "^0.1.1",
        "ansi-bold": "^0.1.1",
        "ansi-cyan": "^0.1.1",
        "ansi-dim": "^0.1.1",
        "ansi-gray": "^0.1.1",
        "ansi-green": "^0.1.1",
        "ansi-grey": "^0.1.1",
        "ansi-hidden": "^0.1.1",
        "ansi-inverse": "^0.1.1",
        "ansi-italic": "^0.1.1",
        "ansi-magenta": "^0.1.1",
        "ansi-red": "^0.1.1",
        "ansi-reset": "^0.1.1",
        "ansi-strikethrough": "^0.1.1",
        "ansi-underline": "^0.1.1",
        "ansi-white": "^0.1.1",
        "ansi-yellow": "^0.1.1",
        "lazy-cache": "^2.0.1"
      }
    },
    "ansi-cyan": {
      "version": "0.1.1",
      "resolved": "https://registry.npmjs.org/ansi-cyan/-/ansi-cyan-0.1.1.tgz",
      "integrity": "sha1-U4rlKK+JgvKK4w2G8vF0VtJgmHM=",
      "requires": {
        "ansi-wrap": "0.1.0"
      }
    },
    "ansi-dim": {
      "version": "0.1.1",
      "resolved": "https://registry.npmjs.org/ansi-dim/-/ansi-dim-0.1.1.tgz",
      "integrity": "sha1-QN5MYDqoCG2Oeoa4/5mNXDbu/Ww=",
      "requires": {
        "ansi-wrap": "0.1.0"
      }
    },
    "ansi-gray": {
      "version": "0.1.1",
      "resolved": "https://registry.npmjs.org/ansi-gray/-/ansi-gray-0.1.1.tgz",
      "integrity": "sha1-KWLPVOyXksSFEKPetSRDaGHvclE=",
      "requires": {
        "ansi-wrap": "0.1.0"
      }
    },
    "ansi-green": {
      "version": "0.1.1",
      "resolved": "https://registry.npmjs.org/ansi-green/-/ansi-green-0.1.1.tgz",
      "integrity": "sha1-il2al55FjVfEDjNYCzc5C44Q0Pc=",
      "requires": {
        "ansi-wrap": "0.1.0"
      }
    },
    "ansi-grey": {
      "version": "0.1.1",
      "resolved": "https://registry.npmjs.org/ansi-grey/-/ansi-grey-0.1.1.tgz",
      "integrity": "sha1-WdmLasK6GfilF5jphT+6eDOaM8E=",
      "requires": {
        "ansi-wrap": "0.1.0"
      }
    },
    "ansi-hidden": {
      "version": "0.1.1",
      "resolved": "https://registry.npmjs.org/ansi-hidden/-/ansi-hidden-0.1.1.tgz",
      "integrity": "sha1-7WpMSY0rt8uyidvyqNHcyFZ/rg8=",
      "requires": {
        "ansi-wrap": "0.1.0"
      }
    },
    "ansi-inverse": {
      "version": "0.1.1",
      "resolved": "https://registry.npmjs.org/ansi-inverse/-/ansi-inverse-0.1.1.tgz",
      "integrity": "sha1-tq9Fgm/oJr+1KKbHmIV5Q1XM0mk=",
      "requires": {
        "ansi-wrap": "0.1.0"
      }
    },
    "ansi-italic": {
      "version": "0.1.1",
      "resolved": "https://registry.npmjs.org/ansi-italic/-/ansi-italic-0.1.1.tgz",
      "integrity": "sha1-EEdDRj9iXBQqA2c5z4XtpoiYbyM=",
      "requires": {
        "ansi-wrap": "0.1.0"
      }
    },
    "ansi-magenta": {
      "version": "0.1.1",
      "resolved": "https://registry.npmjs.org/ansi-magenta/-/ansi-magenta-0.1.1.tgz",
      "integrity": "sha1-BjtboW+z8j4c/aKwfAqJ3hHkMK4=",
      "requires": {
        "ansi-wrap": "0.1.0"
      }
    },
    "ansi-red": {
      "version": "0.1.1",
      "resolved": "https://registry.npmjs.org/ansi-red/-/ansi-red-0.1.1.tgz",
      "integrity": "sha1-jGOPnRCAgAo1PJwoyKgcpHBdlGw=",
      "requires": {
        "ansi-wrap": "0.1.0"
      }
    },
    "ansi-reset": {
      "version": "0.1.1",
      "resolved": "https://registry.npmjs.org/ansi-reset/-/ansi-reset-0.1.1.tgz",
      "integrity": "sha1-5+cSksPH3c1NYu9KbHwFmAkRw7c=",
      "requires": {
        "ansi-wrap": "0.1.0"
      }
    },
    "ansi-strikethrough": {
      "version": "0.1.1",
      "resolved": "https://registry.npmjs.org/ansi-strikethrough/-/ansi-strikethrough-0.1.1.tgz",
      "integrity": "sha1-2Eh3FAss/wfRyT685pkE9oiF5Wg=",
      "requires": {
        "ansi-wrap": "0.1.0"
      }
    },
    "ansi-underline": {
      "version": "0.1.1",
      "resolved": "https://registry.npmjs.org/ansi-underline/-/ansi-underline-0.1.1.tgz",
      "integrity": "sha1-38kg9Ml7WXfqFi34/7mIMIqqcaQ=",
      "requires": {
        "ansi-wrap": "0.1.0"
      }
    },
    "ansi-white": {
      "version": "0.1.1",
      "resolved": "https://registry.npmjs.org/ansi-white/-/ansi-white-0.1.1.tgz",
      "integrity": "sha1-nHe3wZPF7pkuYBHTbsTJIbRXiUQ=",
      "requires": {
        "ansi-wrap": "0.1.0"
      }
    },
    "ansi-wrap": {
      "version": "0.1.0",
      "resolved": "https://registry.npmjs.org/ansi-wrap/-/ansi-wrap-0.1.0.tgz",
      "integrity": "sha1-qCJQ3bABXponyoLoLqYDu/pF768="
    },
    "ansi-yellow": {
      "version": "0.1.1",
      "resolved": "https://registry.npmjs.org/ansi-yellow/-/ansi-yellow-0.1.1.tgz",
      "integrity": "sha1-y5NW8vRscy8OMZnmEClVp32oPB0=",
      "requires": {
        "ansi-wrap": "0.1.0"
      }
    },
    "arr-union": {
      "version": "3.1.0",
      "resolved": "https://registry.npmjs.org/arr-union/-/arr-union-3.1.0.tgz",
      "integrity": "sha1-45sJrqne+Gao8gbiiK9jkZuuOcQ="
    },
    "collection-visit": {
      "version": "0.2.3",
      "resolved": "https://registry.npmjs.org/collection-visit/-/collection-visit-0.2.3.tgz",
      "integrity": "sha1-L2JIPK7MlfCDuaRUo+6eYTmteVc=",
      "requires": {
        "lazy-cache": "^2.0.1",
        "map-visit": "^0.1.5",
        "object-visit": "^0.3.4"
      }
    },
    "component-emitter": {
      "version": "1.3.0",
      "resolved": "https://registry.npmjs.org/component-emitter/-/component-emitter-1.3.0.tgz",
      "integrity": "sha512-Rd3se6QB+sO1TwqZjscQrurpEPIfO0/yYnSin6Q/rD3mOutHvUrCAhJub3r90uNb+SESBuE0QYoB90YdfatsRg=="
    },
    "debug": {
      "version": "2.6.9",
      "resolved": "https://registry.npmjs.org/debug/-/debug-2.6.9.tgz",
      "integrity": "sha512-bC7ElrdJaJnPbAP+1EotYvqZsb3ecl5wi6Bfi6BJTUcNowp6cvspg0jXznRTKDjm/E7AdgFBVeAPVMNcKGsHMA==",
      "requires": {
        "ms": "2.0.0"
      }
    },
    "define-property": {
      "version": "0.2.5",
      "resolved": "https://registry.npmjs.org/define-property/-/define-property-0.2.5.tgz",
      "integrity": "sha1-w1se+RjsPJkPmlvFe+BKrOxcgRY=",
      "requires": {
        "is-descriptor": "^0.1.0"
      }
    },
    "error-symbol": {
      "version": "0.1.0",
      "resolved": "https://registry.npmjs.org/error-symbol/-/error-symbol-0.1.0.tgz",
      "integrity": "sha1-Ck2uN9YA0VopukU9jvkg8YRDM/Y="
    },
    "esprima": {
      "version": "4.0.1",
      "resolved": "https://registry.npmjs.org/esprima/-/esprima-4.0.1.tgz",
      "integrity": "sha512-eGuFFw7Upda+g4p+QHvnW0RyTX/SVeJBDM/gCtMARO0cLuT2HcEKnTPvhjV6aGeqrCB/sbNop0Kszm0jsaWU4A=="
    },
    "esprima-extract-comments": {
      "version": "1.1.0",
      "resolved": "https://registry.npmjs.org/esprima-extract-comments/-/esprima-extract-comments-1.1.0.tgz",
      "integrity": "sha512-sBQUnvJwpeE9QnPrxh7dpI/dp67erYG4WXEAreAMoelPRpMR7NWb4YtwRPn9b+H1uLQKl/qS8WYmyaljTpjIsw==",
      "requires": {
        "esprima": "^4.0.0"
      }
    },
    "extend-shallow": {
      "version": "2.0.1",
      "resolved": "https://registry.npmjs.org/extend-shallow/-/extend-shallow-2.0.1.tgz",
      "integrity": "sha1-Ua99YUrZqfYQ6huvu5idaxxWiQ8=",
      "requires": {
        "is-extendable": "^0.1.0"
      }
    },
    "extract-comments": {
      "version": "1.1.0",
      "resolved": "https://registry.npmjs.org/extract-comments/-/extract-comments-1.1.0.tgz",
      "integrity": "sha512-dzbZV2AdSSVW/4E7Ti5hZdHWbA+Z80RJsJhr5uiL10oyjl/gy7/o+HI1HwK4/WSZhlq4SNKU3oUzXlM13Qx02Q==",
      "requires": {
        "esprima-extract-comments": "^1.1.0",
        "parse-code-context": "^1.0.0"
      }
    },
    "floating-point-regex": {
      "version": "0.1.0",
      "resolved": "https://registry.npmjs.org/floating-point-regex/-/floating-point-regex-0.1.0.tgz",
      "integrity": "sha1-iH1v7JWeTTLpIZ/79Oq0FJmZ/pE="
    },
    "for-in": {
      "version": "1.0.2",
      "resolved": "https://registry.npmjs.org/for-in/-/for-in-1.0.2.tgz",
      "integrity": "sha1-gQaNKVqBQuwKxybG4iAMMPttXoA="
    },
    "for-own": {
      "version": "0.1.5",
      "resolved": "https://registry.npmjs.org/for-own/-/for-own-0.1.5.tgz",
      "integrity": "sha1-UmXGgaTylNq78XyVCbZ2OqhFEM4=",
      "requires": {
        "for-in": "^1.0.1"
      }
    },
    "get-value": {
      "version": "3.0.1",
      "resolved": "https://registry.npmjs.org/get-value/-/get-value-3.0.1.tgz",
      "integrity": "sha512-mKZj9JLQrwMBtj5wxi6MH8Z5eSKaERpAwjg43dPtlGI1ZVEgH/qC7T8/6R2OBSUA+zzHBZgICsVJaEIV2tKTDA==",
      "requires": {
        "isobject": "^3.0.1"
      }
    },
    "has-values": {
      "version": "0.1.4",
      "resolved": "https://registry.npmjs.org/has-values/-/has-values-0.1.4.tgz",
      "integrity": "sha1-bWHeldkd/Km5oCCJrThL/49it3E="
    },
    "inflection": {
      "version": "1.12.0",
      "resolved": "https://registry.npmjs.org/inflection/-/inflection-1.12.0.tgz",
      "integrity": "sha1-ogCTVlbW9fa8TcdQLhrstwMihBY="
    },
    "info-symbol": {
      "version": "0.1.0",
      "resolved": "https://registry.npmjs.org/info-symbol/-/info-symbol-0.1.0.tgz",
      "integrity": "sha1-J4QdcoZ920JCzWEtecEGM4gcang="
    },
    "is-accessor-descriptor": {
      "version": "0.1.6",
      "resolved": "https://registry.npmjs.org/is-accessor-descriptor/-/is-accessor-descriptor-0.1.6.tgz",
      "integrity": "sha1-qeEss66Nh2cn7u84Q/igiXtcmNY=",
      "requires": {
        "kind-of": "^3.0.2"
      }
    },
    "is-buffer": {
      "version": "1.1.6",
      "resolved": "https://registry.npmjs.org/is-buffer/-/is-buffer-1.1.6.tgz",
      "integrity": "sha512-NcdALwpXkTm5Zvvbk7owOUSvVvBKDgKP5/ewfXEznmQFfs4ZRmanOeKBTjRVjka3QFoN6XJ+9F3USqfHqTaU5w=="
    },
    "is-data-descriptor": {
      "version": "0.1.4",
      "resolved": "https://registry.npmjs.org/is-data-descriptor/-/is-data-descriptor-0.1.4.tgz",
      "integrity": "sha1-C17mSDiOLIYCgueT8YVv7D8wG1Y=",
      "requires": {
        "kind-of": "^3.0.2"
      }
    },
    "is-descriptor": {
      "version": "0.1.6",
      "resolved": "https://registry.npmjs.org/is-descriptor/-/is-descriptor-0.1.6.tgz",
      "integrity": "sha512-avDYr0SB3DwO9zsMov0gKCESFYqCnE4hq/4z3TdUlukEy5t9C0YRq7HLrsN52NAcqXKaepeCD0n+B0arnVG3Hg==",
      "requires": {
        "is-accessor-descriptor": "^0.1.6",
        "is-data-descriptor": "^0.1.4",
        "kind-of": "^5.0.0"
      },
      "dependencies": {
        "kind-of": {
          "version": "5.1.0",
          "resolved": "https://registry.npmjs.org/kind-of/-/kind-of-5.1.0.tgz",
          "integrity": "sha512-NGEErnH6F2vUuXDh+OlbcKW7/wOcfdRHaZ7VWtqCztfHri/++YKmP51OdWeGPuqCOba6kk2OTe5d02VmTB80Pw=="
        }
      }
    },
    "is-extendable": {
      "version": "0.1.1",
      "resolved": "https://registry.npmjs.org/is-extendable/-/is-extendable-0.1.1.tgz",
      "integrity": "sha1-YrEQ4omkcUGOPsNqYX1HLjAd/Ik="
    },
    "is-plain-object": {
      "version": "2.0.4",
      "resolved": "https://registry.npmjs.org/is-plain-object/-/is-plain-object-2.0.4.tgz",
      "integrity": "sha512-h5PpgXkWitc38BBMYawTYMWJHFZJVnBquFE57xFpjB8pJFiF6gZ+bU+WyI/yqXiFR5mdLsgYNaPe8uao6Uv9Og==",
      "requires": {
        "isobject": "^3.0.1"
      }
    },
    "is-primitive": {
      "version": "2.0.0",
      "resolved": "https://registry.npmjs.org/is-primitive/-/is-primitive-2.0.0.tgz",
      "integrity": "sha1-IHurkWOEmcB7Kt8kCkGochADRXU="
    },
    "isarray": {
      "version": "1.0.0",
      "resolved": "https://registry.npmjs.org/isarray/-/isarray-1.0.0.tgz",
      "integrity": "sha1-u5NdSFgsuhaMBoNJV6VKPgcSTxE="
    },
    "isobject": {
      "version": "3.0.1",
      "resolved": "https://registry.npmjs.org/isobject/-/isobject-3.0.1.tgz",
      "integrity": "sha1-TkMekrEalzFjaqH5yNHMvP2reN8="
    },
    "kind-of": {
      "version": "3.2.2",
      "resolved": "https://registry.npmjs.org/kind-of/-/kind-of-3.2.2.tgz",
      "integrity": "sha1-MeohpzS6ubuw8yRm2JOupR5KPGQ=",
      "requires": {
        "is-buffer": "^1.1.5"
      }
    },
    "lazy-cache": {
      "version": "2.0.2",
      "resolved": "https://registry.npmjs.org/lazy-cache/-/lazy-cache-2.0.2.tgz",
      "integrity": "sha1-uRkKT5EzVGlIQIWfio9whNiCImQ=",
      "requires": {
        "set-getter": "^0.1.0"
      }
    },
    "log-ok": {
      "version": "0.1.1",
      "resolved": "https://registry.npmjs.org/log-ok/-/log-ok-0.1.1.tgz",
      "integrity": "sha1-vqPdNqzQuKckDXhza1uXxlREozQ=",
      "requires": {
        "ansi-green": "^0.1.1",
        "success-symbol": "^0.1.0"
      }
    },
    "log-utils": {
      "version": "0.2.1",
      "resolved": "https://registry.npmjs.org/log-utils/-/log-utils-0.2.1.tgz",
      "integrity": "sha1-pMIXoN2aUFFdm5ICBgkas9TgMc8=",
      "requires": {
        "ansi-colors": "^0.2.0",
        "error-symbol": "^0.1.0",
        "info-symbol": "^0.1.0",
        "log-ok": "^0.1.1",
        "success-symbol": "^0.1.0",
        "time-stamp": "^1.0.1",
        "warning-symbol": "^0.1.0"
      }
    },
    "longest": {
      "version": "1.0.1",
      "resolved": "https://registry.npmjs.org/longest/-/longest-1.0.1.tgz",
      "integrity": "sha1-MKCy2jj3N3DoKUoNIuZiXtd9AJc="
    },
    "map-schema": {
      "version": "0.2.4",
      "resolved": "https://registry.npmjs.org/map-schema/-/map-schema-0.2.4.tgz",
      "integrity": "sha1-wZVRg0/DwHoEWXt6WvtEpHWvlbQ=",
      "requires": {
        "arr-union": "^3.1.0",
        "collection-visit": "^0.2.3",
        "component-emitter": "^1.2.1",
        "debug": "^2.6.0",
        "define-property": "^0.2.5",
        "extend-shallow": "^2.0.1",
        "get-value": "^2.0.6",
        "is-primitive": "^2.0.0",
        "kind-of": "^3.1.0",
        "lazy-cache": "^2.0.2",
        "log-utils": "^0.2.1",
        "longest": "^1.0.1",
        "mixin-deep": "^1.1.3",
        "object.omit": "^2.0.1",
        "object.pick": "^1.2.0",
        "omit-empty": "^0.4.1",
        "pad-right": "^0.2.2",
        "set-value": "^0.4.0",
        "sort-object-arrays": "^0.1.1",
        "union-value": "^0.2.3"
      },
      "dependencies": {
        "get-value": {
          "version": "2.0.6",
          "resolved": "https://registry.npmjs.org/get-value/-/get-value-2.0.6.tgz",
          "integrity": "sha1-3BXKHGcjh8p2vTesCjlbogQqLCg="
        }
      }
    },
    "map-visit": {
      "version": "0.1.5",
      "resolved": "https://registry.npmjs.org/map-visit/-/map-visit-0.1.5.tgz",
      "integrity": "sha1-2+Q5J85VJbgN/BVzpE1oxR8mgWs=",
      "requires": {
        "lazy-cache": "^2.0.1",
        "object-visit": "^0.3.4"
      }
    },
    "mixin-deep": {
      "version": "1.3.2",
      "resolved": "https://registry.npmjs.org/mixin-deep/-/mixin-deep-1.3.2.tgz",
      "integrity": "sha512-WRoDn//mXBiJ1H40rqa3vH0toePwSsGb45iInWlTySa+Uu4k3tYUSxa2v1KqAiLtvlrSzaExqS1gtk96A9zvEA==",
      "requires": {
        "for-in": "^1.0.2",
        "is-extendable": "^1.0.1"
      },
      "dependencies": {
        "is-extendable": {
          "version": "1.0.1",
          "resolved": "https://registry.npmjs.org/is-extendable/-/is-extendable-1.0.1.tgz",
          "integrity": "sha512-arnXMxT1hhoKo9k1LZdmlNyJdDDfy2v0fXjFlmok4+i8ul/6WlbVge9bhM74OpNPQPMGUToDtz+KXa1PneJxOA==",
          "requires": {
            "is-plain-object": "^2.0.4"
          }
        }
      }
    },
    "ms": {
      "version": "2.0.0",
      "resolved": "https://registry.npmjs.org/ms/-/ms-2.0.0.tgz",
      "integrity": "sha1-VgiurfwAvmwpAd9fmGF4jeDVl8g="
    },
    "object-visit": {
      "version": "0.3.4",
      "resolved": "https://registry.npmjs.org/object-visit/-/object-visit-0.3.4.tgz",
      "integrity": "sha1-rhXPhvCy/dVRdxY2RIRSxUw9qCk=",
      "requires": {
        "isobject": "^2.0.0"
      },
      "dependencies": {
        "isobject": {
          "version": "2.1.0",
          "resolved": "https://registry.npmjs.org/isobject/-/isobject-2.1.0.tgz",
          "integrity": "sha1-8GVWEJaj8dou9GJy+BXIQNh+DIk=",
          "requires": {
            "isarray": "1.0.0"
          }
        }
      }
    },
    "object.omit": {
      "version": "2.0.1",
      "resolved": "https://registry.npmjs.org/object.omit/-/object.omit-2.0.1.tgz",
      "integrity": "sha1-Gpx0SCnznbuFjHbKNXmuKlTr0fo=",
      "requires": {
        "for-own": "^0.1.4",
        "is-extendable": "^0.1.1"
      }
    },
    "object.pick": {
      "version": "1.3.0",
      "resolved": "https://registry.npmjs.org/object.pick/-/object.pick-1.3.0.tgz",
      "integrity": "sha1-h6EKxMFpS9Lhy/U1kaZhQftd10c=",
      "requires": {
        "isobject": "^3.0.1"
      }
    },
    "omit-empty": {
      "version": "0.4.1",
      "resolved": "https://registry.npmjs.org/omit-empty/-/omit-empty-0.4.1.tgz",
      "integrity": "sha1-KUo3gvLLIMdJfEEitiN8ncwMY6s=",
      "requires": {
        "has-values": "^0.1.4",
        "kind-of": "^3.0.3",
        "reduce-object": "^0.1.3"
      }
    },
    "pad-right": {
      "version": "0.2.2",
      "resolved": "https://registry.npmjs.org/pad-right/-/pad-right-0.2.2.tgz",
      "integrity": "sha1-b7ySQEXSRPKiokRQMGDTv8YAl3Q=",
      "requires": {
        "repeat-string": "^1.5.2"
      }
    },
    "parse-code-context": {
      "version": "1.0.0",
      "resolved": "https://registry.npmjs.org/parse-code-context/-/parse-code-context-1.0.0.tgz",
      "integrity": "sha512-OZQaqKaQnR21iqhlnPfVisFjBWjhnMl5J9MgbP8xC+EwoVqbXrq78lp+9Zb3ahmLzrIX5Us/qbvBnaS3hkH6OA=="
    },
    "parse-comments": {
      "version": "1.0.0",
      "resolved": "https://registry.npmjs.org/parse-comments/-/parse-comments-1.0.0.tgz",
      "integrity": "sha512-GHM62374TgaGFoDYzDqd0CQSEUmUl9g99Af+EY2aaXB8tfp8AFgEzRqlxFMJRa8b4OEktLuGle9P+ZQukmXEVA==",
      "requires": {
        "extract-comments": "^1.1.0",
        "floating-point-regex": "^0.1.0",
        "get-value": "^3.0.1",
        "inflection": "^1.12.0",
        "map-schema": "^0.2.4",
        "snapdragon-node": "^3.0.0",
        "snapdragon-parser": "^1.0.0",
        "tokenize-comment": "^3.0.1"
      }
    },
    "reduce-object": {
      "version": "0.1.3",
      "resolved": "https://registry.npmjs.org/reduce-object/-/reduce-object-0.1.3.tgz",
      "integrity": "sha1-1UnUCmwpNvpOPpt4yonJMxRZQhg=",
      "requires": {
        "for-own": "^0.1.1"
      }
    },
    "repeat-string": {
      "version": "1.6.1",
      "resolved": "https://registry.npmjs.org/repeat-string/-/repeat-string-1.6.1.tgz",
      "integrity": "sha1-jcrkcOHIirwtYA//Sndihtp15jc="
    },
    "set-getter": {
      "version": "0.1.1",
      "resolved": "https://registry.npmjs.org/set-getter/-/set-getter-0.1.1.tgz",
      "integrity": "sha512-9sVWOy+gthr+0G9DzqqLaYNA7+5OKkSmcqjL9cBpDEaZrr3ShQlyX2cZ/O/ozE41oxn/Tt0LGEM/w4Rub3A3gw==",
      "requires": {
        "to-object-path": "^0.3.0"
      }
    },
    "set-value": {
      "version": "0.4.3",
      "resolved": "https://registry.npmjs.org/set-value/-/set-value-0.4.3.tgz",
      "integrity": "sha1-fbCPnT0i3H945Trzw79GZuzfzPE=",
      "requires": {
        "extend-shallow": "^2.0.1",
        "is-extendable": "^0.1.1",
        "is-plain-object": "^2.0.1",
        "to-object-path": "^0.3.0"
      }
    },
    "snapdragon-lexer": {
      "version": "4.0.0",
      "resolved": "https://registry.npmjs.org/snapdragon-lexer/-/snapdragon-lexer-4.0.0.tgz",
      "integrity": "sha512-ddXT9cpKI0PUrs3xeoQVKEjequr0UyW9w281dzu8RTgWtqdIGZSvoWDsnIMPCc8Fupk4dByatSodhwYEGgrdSg=="
    },
    "snapdragon-node": {
      "version": "3.0.0",
      "resolved": "https://registry.npmjs.org/snapdragon-node/-/snapdragon-node-3.0.0.tgz",
      "integrity": "sha512-8fmjo9AOZXFBWxHS9kOdqA4Mq9x1ldbnPLXjz1voBCmDuQcVBySjlekv4+QnKj0LdNc3hEF19xUrTBQJ2zPyCw=="
    },
    "snapdragon-parser": {
      "version": "1.0.0",
      "resolved": "https://registry.npmjs.org/snapdragon-parser/-/snapdragon-parser-1.0.0.tgz",
      "integrity": "sha512-2sVQqqieRb2MbPAL+eIbkMjNQ3XhrMNiJZlznC3AdD9Hli+N769XHO6vDYTTgAhwDg8VX8Qt7aHBhLalnMhgZQ==",
      "requires": {
        "snapdragon-lexer": "^4.0.0",
        "snapdragon-node": "^3.0.0"
      }
    },
    "sort-object-arrays": {
      "version": "0.1.1",
      "resolved": "https://registry.npmjs.org/sort-object-arrays/-/sort-object-arrays-0.1.1.tgz",
      "integrity": "sha1-mfVc8gWkkd3h9S8Jajaiawm0gy8=",
      "requires": {
        "kind-of": "^3.0.2"
      }
    },
    "success-symbol": {
      "version": "0.1.0",
      "resolved": "https://registry.npmjs.org/success-symbol/-/success-symbol-0.1.0.tgz",
      "integrity": "sha1-JAIuSG878c3KCUKDt2nEctO3KJc="
    },
    "time-stamp": {
      "version": "1.1.0",
      "resolved": "https://registry.npmjs.org/time-stamp/-/time-stamp-1.1.0.tgz",
      "integrity": "sha1-dkpaEa9QVhkhsTPztE5hhofg9cM="
    },
    "to-object-path": {
      "version": "0.3.0",
      "resolved": "https://registry.npmjs.org/to-object-path/-/to-object-path-0.3.0.tgz",
      "integrity": "sha1-KXWIt7Dn4KwI4E5nL4XB9JmeF68=",
      "requires": {
        "kind-of": "^3.0.2"
      }
    },
    "tokenize-comment": {
      "version": "3.0.1",
      "resolved": "https://registry.npmjs.org/tokenize-comment/-/tokenize-comment-3.0.1.tgz",
      "integrity": "sha512-of5j9zCooBZxcE1EQ9PCjXcuFUPU/h8GxhWqF86cQ3muHQQreIWgY40ZNfuPQUSXyTa6i7oAWqWX4QivzZh26Q==",
      "requires": {
        "snapdragon-lexer": "^4.0.0"
      }
    },
    "union-value": {
      "version": "0.2.4",
      "resolved": "https://registry.npmjs.org/union-value/-/union-value-0.2.4.tgz",
      "integrity": "sha1-c3UVJ4ZnkFfns3qmdug0aPwCdPA=",
      "requires": {
        "arr-union": "^3.1.0",
        "get-value": "^2.0.6",
        "is-extendable": "^0.1.1",
        "set-value": "^0.4.3"
      },
      "dependencies": {
        "get-value": {
          "version": "2.0.6",
          "resolved": "https://registry.npmjs.org/get-value/-/get-value-2.0.6.tgz",
          "integrity": "sha1-3BXKHGcjh8p2vTesCjlbogQqLCg="
        }
      }
    },
    "warning-symbol": {
      "version": "0.1.0",
      "resolved": "https://registry.npmjs.org/warning-symbol/-/warning-symbol-0.1.0.tgz",
      "integrity": "sha1-uzHdEbeg+dZ6su2V9Fe2WCW7rSE="
    }
  }
}
